{
  "nodes": {
    "advisory-db": {
      "flake": false,
      "locked": {
        "lastModified": 1710515894,
        "narHash": "sha256-tmQ9TMCb2jZY3jYdf53qIberkYV3dnUzdAYYK/NB+No=",
        "owner": "rustsec",
        "repo": "advisory-db",
        "rev": "369d98c1b95b7b56d0859605916d7b81a7d1f1c4",
        "type": "github"
      },
      "original": {
        "owner": "rustsec",
        "repo": "advisory-db",
        "type": "github"
      }
    },
    "alejandra": {
      "inputs": {
        "fenix": "fenix",
        "flakeCompat": "flakeCompat",
        "nixpkgs": [
          "nixpkgs"
        ]
      },
      "locked": {
        "lastModified": 1777149230,
        "narHash": "sha256-pu6dVB6NrIj90rrqCgJ5pPlBzS76pW4WA6rE1rD1Gp8=",
        "owner": "kamadorueda",
        "repo": "alejandra",
        "rev": "8c4a4a572bee519b04e9bb9207e7d993f55ecb4f",
        "type": "github"
      },
      "original": {
        "owner": "kamadorueda",
        "repo": "alejandra",
        "type": "github"
      }
    },
    "crane": {
      "locked": {
        "lastModified": 1777242778,
        "narHash": "sha256-VWTeqWeb8Sel/QiWyaPvCa9luAbcGawR+Rw09FJoHz0=",
        "owner": "ipetkov",
        "repo": "crane",
        "rev": "ad8b31ad0ba8448bd958d7a5d50d811dc5d271c0",
        "type": "github"
      },
      "original": {
        "owner": "ipetkov",
        "repo": "crane",
        "type": "github"
      }
    },
    "crane_2": {
      "inputs": {
        "nixpkgs": [
          "nix-your-shell",
          "nixpkgs"
        ]
      },
      "locked": {
        "lastModified": 1710886643,
        "narHash": "sha256-saTZuv9YeZ9COHPuj8oedGdUwJZcbQ3vyRqe7NVJMsQ=",
        "owner": "ipetkov",
        "repo": "crane",
        "rev": "5bace74e9a65165c918205cf67ad3977fe79c584",
        "type": "github"
      },
      "original": {
        "owner": "ipetkov",
        "repo": "crane",
        "type": "github"
      }
    },
    "envfs": {
      "inputs": {
        "flake-parts": "flake-parts",
        "nixpkgs": [
          "nixpkgs"
        ],
        "treefmt-nix": "treefmt-nix"
      },
      "locked": {
        "lastModified": 1776122172,
        "narHash": "sha256-E/hvXdJ9FLveStkV4c1bk3GZxsTxcpvxv3vOTuKpF2U=",
        "owner": "Mic92",
        "repo": "envfs",
        "rev": "ee38fc1b3ff1b702f9014bfdfef356a968e0c9c7",
        "type": "github"
      },
      "original": {
        "owner": "Mic92",
        "repo": "envfs",
        "type": "github"
      }
    },
    "fenix": {
      "inputs": {
        "nixpkgs": [
          "alejandra",
          "nixpkgs"
        ],
        "rust-analyzer-src": "rust-analyzer-src"
      },
      "locked": {
        "lastModified": 1768113825,
        "narHash": "sha256-f09fAifGPEuRrz1DFY910jexq0DaBuQBbq7WcxQIUgs=",
        "owner": "nix-community",
        "repo": "fenix",
        "rev": "55106e04d905c6a7726d0f6be77ed39a99f66a61",
        "type": "github"
      },
      "original": {
        "owner": "nix-community",
        "repo": "fenix",
        "type": "github"
      }
    },
    "flake-compat": {
      "flake": false,
      "locked": {
        "lastModified": 1767039857,
        "narHash": "sha256-vNpUSpF5Nuw8xvDLj2KCwwksIbjua2LZCqhV1LNRDns=",
        "owner": "NixOS",
        "repo": "flake-compat",
        "rev": "5edf11c44bc78a0d334f6334cdaf7d60d732daab",
        "type": "github"
      },
      "original": {
        "owner": "NixOS",
        "repo": "flake-compat",
        "type": "github"
      }
    },
    "flake-parts": {
      "inputs": {
        "nixpkgs-lib": [
          "envfs",
          "nixpkgs"
        ]
      },
      "locked": {
        "lastModified": 1772408722,
        "narHash": "sha256-rHuJtdcOjK7rAHpHphUb1iCvgkU3GpfvicLMwwnfMT0=",
        "owner": "hercules-ci",
        "repo": "flake-parts",
        "rev": "f20dc5d9b8027381c474144ecabc9034d6a839a3",
        "type": "github"
      },
      "original": {
        "owner": "hercules-ci",
        "repo": "flake-parts",
        "type": "github"
      }
    },
    "flake-utils": {
      "inputs": {
        "systems": "systems"
      },
      "locked": {
        "lastModified": 1731533236,
        "narHash": "sha256-l0KFg5HjrsfsO/JpG+r7fRrqm12kzFHyUHqHCVpMMbI=",
        "owner": "numtide",
        "repo": "flake-utils",
        "rev": "11707dc2f618dd54ca8739b309ec4fc024de578b",
        "type": "github"
      },
      "original": {
        "owner": "numtide",
        "repo": "flake-utils",
        "type": "github"
      }
    },
    "flake-utils_2": {
      "inputs": {
        "systems": "systems_3"
      },
      "locked": {
        "lastModified": 1681202837,
        "narHash": "sha256-H+Rh19JDwRtpVPAWp64F+rlEtxUWBAQW28eAi3SRSzg=",
        "owner": "numtide",
        "repo": "flake-utils",
        "rev": "cfacdce06f30d2b68473a46042957675eebb3401",
        "type": "github"
      },
      "original": {
        "owner": "numtide",
        "repo": "flake-utils",
        "type": "github"
      }
    },
    "flakeCompat": {
      "flake": false,
      "locked": {
        "lastModified": 1767039857,
        "narHash": "sha256-vNpUSpF5Nuw8xvDLj2KCwwksIbjua2LZCqhV1LNRDns=",
        "owner": "edolstra",
        "repo": "flake-compat",
        "rev": "5edf11c44bc78a0d334f6334cdaf7d60d732daab",
        "type": "github"
      },
      "original": {
        "owner": "edolstra",
        "repo": "flake-compat",
        "type": "github"
      }
    },
    "flakey-profile": {
      "locked": {
        "lastModified": 1712898590,
        "narHash": "sha256-FhGIEU93VHAChKEXx905TSiPZKga69bWl1VB37FK//I=",
        "owner": "lf-",
        "repo": "flakey-profile",
        "rev": "243c903fd8eadc0f63d205665a92d4df91d42d9d",
        "type": "github"
      },
      "original": {
        "owner": "lf-",
        "repo": "flakey-profile",
        "type": "github"
      }
    },
    "gitignore": {
      "inputs": {
        "nixpkgs": [
          "lanzaboote",
          "pre-commit",
          "nixpkgs"
        ]
      },
      "locked": {
        "lastModified": 1709087332,
        "narHash": "sha256-HG2cCnktfHsKV0s4XW83gU3F57gaTljL9KNSuG6bnQs=",
        "owner": "hercules-ci",
        "repo": "gitignore.nix",
        "rev": "637db329424fd7e46cf4185293b9cc8c88c95394",
        "type": "github"
      },
      "original": {
        "owner": "hercules-ci",
        "repo": "gitignore.nix",
        "type": "github"
      }
    },
    "home-manager": {
      "inputs": {
        "nixpkgs": [
          "nixpkgs"
        ]
      },
      "locked": {
        "lastModified": 1775425411,
        "narHash": "sha256-KY6HsebJHEe5nHOWP7ur09mb0drGxYSzE3rQxy62rJo=",
        "owner": "nix-community",
        "repo": "home-manager",
        "rev": "0d02ec1d0a05f88ef9e74b516842900c41f0f2fe",
        "type": "github"
      },
      "original": {
        "owner": "nix-community",
        "ref": "release-25.11",
        "repo": "home-manager",
        "type": "github"
      }
    },
    "lanzaboote": {
      "inputs": {
        "crane": "crane",
        "nixpkgs": [
          "nixpkgs"
        ],
        "pre-commit": "pre-commit",
        "rust-overlay": "rust-overlay"
      },
      "locked": {
        "lastModified": 1777299656,
        "narHash": "sha256-c0r3xXp2+xFJwkryS+nhyQwoACbFzSt4C1TVs3QMh8E=",
        "owner": "nix-community",
        "repo": "lanzaboote",
        "rev": "079c608988c2747db3902c9de033572cd50e8656",
        "type": "github"
      },
      "original": {
        "owner": "nix-community",
        "repo": "lanzaboote",
        "type": "github"
      }
    },
    "lix": {
      "flake": false,
      "locked": {
        "lastModified": 1777289998,
        "narHash": "sha256-vT3NgFAzDt0B+mjzmS95nzOWoLHGZx8FcgcND88hpSE=",
        "owner": "lix-project",
        "repo": "lix",
        "rev": "0c63036c7dcb79907d3b336396a642bfb3af1a2b",
        "type": "github"
      },
      "original": {
        "owner": "lix-project",
        "repo": "lix",
        "type": "github"
      }
    },
    "lix-module": {
      "inputs": {
        "flake-utils": "flake-utils",
        "flakey-profile": "flakey-profile",
        "lix": [
          "lix"
        ],
        "nixpkgs": [
          "nixpkgs"
        ]
      },
      "locked": {
        "lastModified": 1773460763,
        "narHash": "sha256-y9kC3ff89btXS8RD6pAtM50g0qtsim1I8HXBtgSqdbI=",
        "ref": "refs/heads/main",
        "rev": "5e56f5a973e24292b125dca9e9d506b0a91d6903",
        "revCount": 180,
        "type": "git",
        "url": "https://git.lix.systems/lix-project/nixos-module"
      },
      "original": {
        "type": "git",
        "url": "https://git.lix.systems/lix-project/nixos-module"
      }
    },
    "nix-index-database": {
      "inputs": {
        "nixpkgs": [
          "nixpkgs"
        ]
      },
      "locked": {
        "lastModified": 1777181277,
        "narHash": "sha256-yVJbd07ortDRAttDFmDV5p220aOLTHgVAx//0nW/xW8=",
        "owner": "nix-community",
        "repo": "nix-index-database",
        "rev": "b8eb7acee0f7604fe1bf6a5b3dcf5254369180fa",
        "type": "github"
      },
      "original": {
        "owner": "nix-community",
        "repo": "nix-index-database",
        "type": "github"
      }
    },
    "nix-ld": {
      "inputs": {
        "nixpkgs": [
          "nixpkgs"
        ]
      },
      "locked": {
        "lastModified": 1777282995,
        "narHash": "sha256-DeVNOjfSIfwSe4KMcc/QZst68QwhEm6jd/rQYdRZHCQ=",
        "owner": "Mic92",
        "repo": "nix-ld",
        "rev": "7b7c075009dff1c3fd5fdcf63dd5d22fdbde34d6",
        "type": "github"
      },
      "original": {
        "owner": "Mic92",
        "repo": "nix-ld",
        "type": "github"
      }
    },
    "nix-your-shell": {
      "inputs": {
        "advisory-db": "advisory-db",
        "crane": "crane_2",
        "nixpkgs": [
          "nixpkgs"
        ],
        "systems": "systems_2"
      },
      "locked": {
        "lastModified": 1766608892,
        "narHash": "sha256-Pf3+xal8OB7m4Q1ih5oq0RUpLW/SIhZ91KCp556bb7c=",
        "owner": "TroyKomodo",
        "repo": "nix-your-shell",
        "rev": "0c45887935c3507b2ab00b64dac61311fac01d4f",
        "type": "github"
      },
      "original": {
        "owner": "TroyKomodo",
        "repo": "nix-your-shell",
        "rev": "0c45887935c3507b2ab00b64dac61311fac01d4f",
        "type": "github"
      }
    },
    "nixpkgs": {
      "locked": {
        "lastModified": 1777077449,
        "narHash": "sha256-AIiMJiqvGrN4HyLEbKAoCSRRYn0rnlW5VbKNIMIYqm4=",
        "owner": "nixos",
        "repo": "nixpkgs",
        "rev": "a4bf06618f0b5ee50f14ed8f0da77d34ecc19160",
        "type": "github"
      },
      "original": {
        "owner": "nixos",
        "ref": "nixos-25.11",
        "repo": "nixpkgs",
        "type": "github"
      }
    },
    "nixpkgs-unstable": {
      "locked": {
        "lastModified": 1776877367,
        "narHash": "sha256-EHq1/OX139R1RvBzOJ0aMRT3xnWyqtHBRUBuO1gFzjI=",
        "owner": "nixos",
        "repo": "nixpkgs",
        "rev": "0726a0ecb6d4e08f6adced58726b95db924cef57",
        "type": "github"
      },
      "original": {
        "owner": "nixos",
        "ref": "nixos-unstable",
        "repo": "nixpkgs",
        "type": "github"
      }
    },
    "pre-commit": {
      "inputs": {
        "flake-compat": "flake-compat",
        "gitignore": "gitignore",
        "nixpkgs": [
          "lanzaboote",
          "nixpkgs"
        ]
      },
      "locked": {
        "lastModified": 1776796298,
        "narHash": "sha256-PcRvlWayisPSjd0UcRQbhG8Oqw78AcPE6x872cPRHN8=",
        "owner": "cachix",
        "repo": "pre-commit-hooks.nix",
        "rev": "3cfd774b0a530725a077e17354fbdb87ea1c4aad",
        "type": "github"
      },
      "original": {
        "owner": "cachix",
        "repo": "pre-commit-hooks.nix",
        "type": "github"
      }
    },
    "root": {
      "inputs": {
        "alejandra": "alejandra",
        "envfs": "envfs",
        "home-manager": "home-manager",
        "lanzaboote": "lanzaboote",
        "lix": "lix",
        "lix-module": "lix-module",
        "nix-index-database": "nix-index-database",
        "nix-ld": "nix-ld",
        "nix-your-shell": "nix-your-shell",
        "nixpkgs": "nixpkgs",
        "nixpkgs-unstable": "nixpkgs-unstable",
        "technorino": "technorino",
        "vscode-server": "vscode-server",
        "x1e-nixos-config": "x1e-nixos-config"
      }
    },
    "rust-analyzer-src": {
      "flake": false,
      "locked": {
        "lastModified": 1768083390,
        "narHash": "sha256-TGWPJq2mXwxfAe83iZ18DIqXC4sOSj7RkW9b59h6Ox4=",
        "owner": "rust-lang",
        "repo": "rust-analyzer",
        "rev": "e42e8ff582ba12a88b6845525d08b6428e6d0fb9",
        "type": "github"
      },
      "original": {
        "owner": "rust-lang",
        "ref": "nightly",
        "repo": "rust-analyzer",
        "type": "github"
      }
    },
    "rust-overlay": {
      "inputs": {
        "nixpkgs": [
          "lanzaboote",
          "nixpkgs"
        ]
      },
      "locked": {
        "lastModified": 1777173302,
        "narHash": "sha256-ERiu3cbxvnTDxiDcimRA7af7xp6x1y0sRyLGm28Qzz8=",
        "owner": "oxalica",
        "repo": "rust-overlay",
        "rev": "aaec8c50baeaf2f2ba653e8aae71778a2bbbac94",
        "type": "github"
      },
      "original": {
        "owner": "oxalica",
        "repo": "rust-overlay",
        "type": "github"
      }
    },
    "systems": {
      "locked": {
        "lastModified": 1681028828,
        "narHash": "sha256-Vy1rq5AaRuLzOxct8nz4T6wlgyUR7zLU309k9mBC768=",
        "owner": "nix-systems",
        "repo": "default",
        "rev": "da67096a3b9bf56a91d16901293e51ba5b49a27e",
        "type": "github"
      },
      "original": {
        "owner": "nix-systems",
        "repo": "default",
        "type": "github"
      }
    },
    "systems_2": {
      "locked": {
        "lastModified": 1681028828,
        "narHash": "sha256-Vy1rq5AaRuLzOxct8nz4T6wlgyUR7zLU309k9mBC768=",
        "owner": "nix-systems",
        "repo": "default",
        "rev": "da67096a3b9bf56a91d16901293e51ba5b49a27e",
        "type": "github"
      },
      "original": {
        "owner": "nix-systems",
        "repo": "default",
        "type": "github"
      }
    },
    "systems_3": {
      "locked": {
        "lastModified": 1681028828,
        "narHash": "sha256-Vy1rq5AaRuLzOxct8nz4T6wlgyUR7zLU309k9mBC768=",
        "owner": "nix-systems",
        "repo": "default",
        "rev": "da67096a3b9bf56a91d16901293e51ba5b49a27e",
        "type": "github"
      },
      "original": {
        "owner": "nix-systems",
        "repo": "default",
        "type": "github"
      }
    },
    "technorino": {
      "inputs": {
        "nixpkgs": [
          "nixpkgs"
        ]
      },
      "locked": {
        "lastModified": 1777243927,
        "narHash": "sha256-6QzTSWePaXr01i0u4ehBVLaz3cYp8yA6nS5e/tvqc20=",
        "ref": "refs/heads/technorino",
        "rev": "a0d8428dbd1180a574f4b7e0176e36be951d159f",
        "revCount": 6319,
        "submodules": true,
        "type": "git",
        "url": "https://github.com/2547techno/technorino"
      },
      "original": {
        "submodules": true,
        "type": "git",
        "url": "https://github.com/2547techno/technorino"
      }
    },
    "treefmt-nix": {
      "inputs": {
        "nixpkgs": [
          "envfs",
          "nixpkgs"
        ]
      },
      "locked": {
        "lastModified": 1772660329,
        "narHash": "sha256-IjU1FxYqm+VDe5qIOxoW+pISBlGvVApRjiw/Y/ttJzY=",
        "owner": "numtide",
        "repo": "treefmt-nix",
        "rev": "3710e0e1218041bbad640352a0440114b1e10428",
        "type": "github"
      },
      "original": {
        "owner": "numtide",
        "repo": "treefmt-nix",
        "type": "github"
      }
    },
    "vscode-server": {
      "inputs": {
        "flake-utils": "flake-utils_2",
        "nixpkgs": [
          "nixpkgs"
        ]
      },
      "locked": {
        "lastModified": 1770124655,
        "narHash": "sha256-yHmd2B13EtBUPLJ+x0EaBwNkQr9LTne1arLVxT6hSnY=",
        "owner": "nix-community",
        "repo": "nixos-vscode-server",
        "rev": "92ce71c3ba5a94f854e02d57b14af4997ab54ef0",
        "type": "github"
      },
      "original": {
        "owner": "nix-community",
        "repo": "nixos-vscode-server",
        "type": "github"
      }
    },
    "x1e-nixos-config": {
      "inputs": {
        "nixpkgs": [
          "nixpkgs"
        ]
      },
      "locked": {
        "lastModified": 1775073230,
        "narHash": "sha256-cAGbImAWXRvQW3Mv+9Vs/t1b/o4l1HNmZsgV3zfOrXg=",
        "owner": "kuruczgy",
        "repo": "x1e-nixos-config",
        "rev": "44ba71aabc2b9dbe9fd031a6aee917dd7366252a",
        "type": "github"
      },
      "original": {
        "owner": "kuruczgy",
        "repo": "x1e-nixos-config",
        "type": "github"
      }
    }
  },
  "root": "root",
  "version": 7
}
